
Microsoft Visual Studio Solution File, Format Version 12.00
# Visual Studio 15
VisualStudioVersion = 15.0.28307.421
MinimumVisualStudioVersion = 10.0.40219.1
Project("{9A19103F-16F7-4668-BE54-9A1E7A4F7556}") = "PreSchool.Main", "PreSchool.Main\PreSchool.Main.csproj", "{489D7AC5-7A47-4212-834C-1643827B2AAB}"
EndProject
Project("{FAE04EC0-301F-11D3-BF4B-00C04F79EFBC}") = "PreSchool.Shared", "PreSchool.Shared\PreSchool.Shared.csproj", "{C16A1D2C-9AB5-4EF5-8C27-DFDD53A7C37E}"
EndProject
Global
	GlobalSection(SolutionConfigurationPlatforms) = preSolution
		Debug|Any CPU = Debug|Any CPU
		Release|Any CPU = Release|Any CPU
	EndGlobalSection
	GlobalSection(ProjectConfigurationPlatforms) = postSolution
		{489D7AC5-7A47-4212-834C-1643827B2AAB}.Debug|Any CPU.ActiveCfg = Debug|Any CPU
		{489D7AC5-7A47-4212-834C-1643827B2AAB}.Debug|Any CPU.Build.0 = Debug|Any CPU
		{489D7AC5-7A47-4212-834C-1643827B2AAB}.Release|Any CPU.ActiveCfg = Release|Any CPU
		{489D7AC5-7A47-4212-834C-1643827B2AAB}.Release|Any CPU.Build.0 = Release|Any CPU
		{C16A1D2C-9AB5-4EF5-8C27-DFDD53A7C37E}.Debug|Any CPU.ActiveCfg = Debug|Any CPU
		{C16A1D2C-9AB5-4EF5-8C27-DFDD53A7C37E}.Debug|Any CPU.Build.0 = Debug|Any CPU
		{C16A1D2C-9AB5-4EF5-8C27-DFDD53A7C37E}.Release|Any CPU.ActiveCfg = Release|Any CPU
		{C16A1D2C-9AB5-4EF5-8C27-DFDD53A7C37E}.Release|Any CPU.Build.0 = Release|Any CPU
	EndGlobalSection
	GlobalSection(SolutionProperties) = preSolution
		HideSolutionNode = FALSE
	EndGlobalSection
	GlobalSection(ExtensibilityGlobals) = postSolution
		SolutionGuid = {5B6187F8-3821-4B92-BD02-4E71A2F65C4D}
	EndGlobalSection
EndGlobal
